// !$*UTF8*$!
{
	archiveVersion = 1;
	classes = {
	};
	objectVersion = 46;
	objects = {

/* Begin PBXBuildFile section */
		3648EB8EC8C24F47B1A600E4 /* libPods.a in Frameworks */ = {isa = PBXBuildFile; fileRef = 0B29F471DE6642FE92A446B8 /* libPods.a */; };
		B73F6A5018EAEC27001F16D1 /* VideosTableViewController.m in Sources */ = {isa = PBXBuildFile; fileRef = B73F6A4F18EAEC27001F16D1 /* VideosTableViewController.m */; };
		B7727C3F18E58C2D00644EC3 /* Foundation.framework in Frameworks */ = {isa = PBXBuildFile; fileRef = B7727C3E18E58C2D00644EC3 /* Foundation.framework */; };
		B7727C4118E58C2D00644EC3 /* CoreGraphics.framework in Frameworks */ = {isa = PBXBuildFile; fileRef = B7727C4018E58C2D00644EC3 /* CoreGraphics.framework */; };
		B7727C4318E58C2D00644EC3 /* UIKit.framework in Frameworks */ = {isa = PBXBuildFile; fileRef = B7727C4218E58C2D00644EC3 /* UIKit.framework */; };
		B7727C4918E58C2D00644EC3 /* InfoPlist.strings in Resources */ = {isa = PBXBuildFile; fileRef = B7727C4718E58C2D00644EC3 /* InfoPlist.strings */; };
		B7727C4B18E58C2D00644EC3 /* main.m in Sources */ = {isa = PBXBuildFile; fileRef = B7727C4A18E58C2D00644EC3 /* main.m */; };
		B7727C4F18E58C2D00644EC3 /* AppDelegate.m in Sources */ = {isa = PBXBuildFile; fileRef = B7727C4E18E58C2D00644EC3 /* AppDelegate.m */; };
		B7727C5218E58C2D00644EC3 /* Main_iPhone.storyboard in Resources */ = {isa = PBXBuildFile; fileRef = B7727C5018E58C2D00644EC3 /* Main_iPhone.storyboard */; };
		B7727C5518E58C2D00644EC3 /* Main_iPad.storyboard in Resources */ = {isa = PBXBuildFile; fileRef = B7727C5318E58C2D00644EC3 /* Main_iPad.storyboard */; };
		B7727C5818E58C2D00644EC3 /* MasterViewController.m in Sources */ = {isa = PBXBuildFile; fileRef = B7727C5718E58C2D00644EC3 /* MasterViewController.m */; };
		B7727C5B18E58C2D00644EC3 /* DetailViewController.m in Sources */ = {isa = PBXBuildFile; fileRef = B7727C5A18E58C2D00644EC3 /* DetailViewController.m */; };
		B7727C5D18E58C2D00644EC3 /* Images.xcassets in Resources */ = {isa = PBXBuildFile; fileRef = B7727C5C18E58C2D00644EC3 /* Images.xcassets */; };
		B7727C6418E58C2D00644EC3 /* XCTest.framework in Frameworks */ = {isa = PBXBuildFile; fileRef = B7727C6318E58C2D00644EC3 /* XCTest.framework */; };
		B7727C6518E58C2D00644EC3 /* Foundation.framework in Frameworks */ = {isa = PBXBuildFile; fileRef = B7727C3E18E58C2D00644EC3 /* Foundation.framework */; };
		B7727C6618E58C2D00644EC3 /* UIKit.framework in Frameworks */ = {isa = PBXBuildFile; fileRef = B7727C4218E58C2D00644EC3 /* UIKit.framework */; };
		B7727C6E18E58C2D00644EC3 /* InfoPlist.strings in Resources */ = {isa = PBXBuildFile; fileRef = B7727C6C18E58C2D00644EC3 /* InfoPlist.strings */; };
		B7727C7018E58C2D00644EC3 /* GiantbombTests.m in Sources */ = {isa = PBXBuildFile; fileRef = B7727C6F18E58C2D00644EC3 /* GiantbombTests.m */; };
		B7BE16AD18E9C08E00786233 /* background.png in Resources */ = {isa = PBXBuildFile; fileRef = B7BE16AC18E9C08E00786233 /* background.png */; };
/* End PBXBuildFile section */

/* Begin PBXContainerItemProxy section */
		B7727C6718E58C2D00644EC3 /* PBXContainerItemProxy */ = {
			isa = PBXContainerItemProxy;
			containerPortal = B7727C3318E58C2D00644EC3 /* Project object */;
			proxyType = 1;
			remoteGlobalIDString = B7727C3A18E58C2D00644EC3;
			remoteInfo = Giantbomb;
		};
/* End PBXContainerItemProxy section */

/* Begin PBXFileReference section */
		0B29F471DE6642FE92A446B8 /* libPods.a */ = {isa = PBXFileReference; explicitFileType = archive.ar; includeInIndex = 0; path = libPods.a; sourceTree = BUILT_PRODUCTS_DIR; };
		5CD5FFE14A584162AF745CD3 /* Pods.xcconfig */ = {isa = PBXFileReference; includeInIndex = 1; lastKnownFileType = text.xcconfig; name = Pods.xcconfig; path = Pods/Pods.xcconfig; sourceTree = "<group>"; };
		B73F6A4E18EAEC27001F16D1 /* VideosTableViewController.h */ = {isa = PBXFileReference; fileEncoding = 4; lastKnownFileType = sourcecode.c.h; path = VideosTableViewController.h; sourceTree = "<group>"; };
		B73F6A4F18EAEC27001F16D1 /* VideosTableViewController.m */ = {isa = PBXFileReference; fileEncoding = 4; lastKnownFileType = sourcecode.c.objc; path = VideosTableViewController.m; sourceTree = "<group>"; };
		B7727C3B18E58C2D00644EC3 /* Giantbomb.app */ = {isa = PBXFileReference; explicitFileType = wrapper.application; includeInIndex = 0; path = Giantbomb.app; sourceTree = BUILT_PRODUCTS_DIR; };
		B7727C3E18E58C2D00644EC3 /* Foundation.framework */ = {isa = PBXFileReference; lastKnownFileType = wrapper.framework; name = Foundation.framework; path = System/Library/Frameworks/Foundation.framework; sourceTree = SDKROOT; };
		B7727C4018E58C2D00644EC3 /* CoreGraphics.framework */ = {isa = PBXFileReference; lastKnownFileType = wrapper.framework; name = CoreGraphics.framework; path = System/Library/Frameworks/CoreGraphics.framework; sourceTree = SDKROOT; };
		B7727C4218E58C2D00644EC3 /* UIKit.framework */ = {isa = PBXFileReference; lastKnownFileType = wrapper.framework; name = UIKit.framework; path = System/Library/Frameworks/UIKit.framework; sourceTree = SDKROOT; };
		B7727C4618E58C2D00644EC3 /* Giantbomb-Info.plist */ = {isa = PBXFileReference; lastKnownFileType = text.plist.xml; path = "Giantbomb-Info.plist"; sourceTree = "<group>"; };
		B7727C4818E58C2D00644EC3 /* en */ = {isa = PBXFileReference; lastKnownFileType = text.plist.strings; name = en; path = en.lproj/InfoPlist.strings; sourceTree = "<group>"; };
		B7727C4A18E58C2D00644EC3 /* main.m */ = {isa = PBXFileReference; lastKnownFileType = sourcecode.c.objc; path = main.m; sourceTree = "<group>"; };
		B7727C4C18E58C2D00644EC3 /* Giantbomb-Prefix.pch */ = {isa = PBXFileReference; lastKnownFileType = sourcecode.c.h; path = "Giantbomb-Prefix.pch"; sourceTree = "<group>"; };
		B7727C4D18E58C2D00644EC3 /* AppDelegate.h */ = {isa = PBXFileReference; lastKnownFileType = sourcecode.c.h; path = AppDelegate.h; sourceTree = "<group>"; };
		B7727C4E18E58C2D00644EC3 /* AppDelegate.m */ = {isa = PBXFileReference; lastKnownFileType = sourcecode.c.objc; path = AppDelegate.m; sourceTree = "<group>"; };
		B7727C5118E58C2D00644EC3 /* Base */ = {isa = PBXFileReference; lastKnownFileType = file.storyboard; name = Base; path = Base.lproj/Main_iPhone.storyboard; sourceTree = "<group>"; };
		B7727C5418E58C2D00644EC3 /* Base */ = {isa = PBXFileReference; lastKnownFileType = file.storyboard; name = Base; path = Base.lproj/Main_iPad.storyboard; sourceTree = "<group>"; };
		B7727C5618E58C2D00644EC3 /* MasterViewController.h */ = {isa = PBXFileReference; lastKnownFileType = sourcecode.c.h; path = MasterViewController.h; sourceTree = "<group>"; };
		B7727C5718E58C2D00644EC3 /* MasterViewController.m */ = {isa = PBXFileReference; lastKnownFileType = sourcecode.c.objc; path = MasterViewController.m; sourceTree = "<group>"; };
		B7727C5918E58C2D00644EC3 /* DetailViewController.h */ = {isa = PBXFileReference; lastKnownFileType = sourcecode.c.h; path = DetailViewController.h; sourceTree = "<group>"; };
		B7727C5A18E58C2D00644EC3 /* DetailViewController.m */ = {isa = PBXFileReference; lastKnownFileType = sourcecode.c.objc; path = DetailViewController.m; sourceTree = "<group>"; };
		B7727C5C18E58C2D00644EC3 /* Images.xcassets */ = {isa = PBXFileReference; lastKnownFileType = folder.assetcatalog; path = Images.xcassets; sourceTree = "<group>"; };
		B7727C6218E58C2D00644EC3 /* GiantbombTests.xctest */ = {isa = PBXFileReference; explicitFileType = wrapper.cfbundle; includeInIndex = 0; path = GiantbombTests.xctest; sourceTree = BUILT_PRODUCTS_DIR; };
		B7727C6318E58C2D00644EC3 /* XCTest.framework */ = {isa = PBXFileReference; lastKnownFileType = wrapper.framework; name = XCTest.framework; path = Library/Frameworks/XCTest.framework; sourceTree = DEVELOPER_DIR; };
		B7727C6B18E58C2D00644EC3 /* GiantbombTests-Info.plist */ = {isa = PBXFileReference; lastKnownFileType = text.plist.xml; path = "GiantbombTests-Info.plist"; sourceTree = "<group>"; };
		B7727C6D18E58C2D00644EC3 /* en */ = {isa = PBXFileReference; lastKnownFileType = text.plist.strings; name = en; path = en.lproj/InfoPlist.strings; sourceTree = "<group>"; };
		B7727C6F18E58C2D00644EC3 /* GiantbombTests.m */ = {isa = PBXFileReference; lastKnownFileType = sourcecode.c.objc; path = GiantbombTests.m; sourceTree = "<group>"; };
		B7BE16AC18E9C08E00786233 /* background.png */ = {isa = PBXFileReference; lastKnownFileType = image.png; path = background.png; sourceTree = "<group>"; };
/* End PBXFileReference section */

/* Begin PBXFrameworksBuildPhase section */
		B7727C3818E58C2D00644EC3 /* Frameworks */ = {
			isa = PBXFrameworksBuildPhase;
			buildActionMask = 2147483647;
			files = (
				B7727C4118E58C2D00644EC3 /* CoreGraphics.framework in Frameworks */,
				B7727C4318E58C2D00644EC3 /* UIKit.framework in Frameworks */,
				B7727C3F18E58C2D00644EC3 /* Foundation.framework in Frameworks */,
				3648EB8EC8C24F47B1A600E4 /* libPods.a in Frameworks */,
			);
			runOnlyForDeploymentPostprocessing = 0;
		};
		B7727C5F18E58C2D00644EC3 /* Frameworks */ = {
			isa = PBXFrameworksBuildPhase;
			buildActionMask = 2147483647;
			files = (
				B7727C6418E58C2D00644EC3 /* XCTest.framework in Frameworks */,
				B7727C6618E58C2D00644EC3 /* UIKit.framework in Frameworks */,
				B7727C6518E58C2D00644EC3 /* Foundation.framework in Frameworks */,
			);
			runOnlyForDeploymentPostprocessing = 0;
		};
/* End PBXFrameworksBuildPhase section */

/* Begin PBXGroup section */
		B7727C3218E58C2D00644EC3 = {
			isa = PBXGroup;
			children = (
				B7727C4418E58C2D00644EC3 /* Giantbomb */,
				B7727C6918E58C2D00644EC3 /* GiantbombTests */,
				B7727C3D18E58C2D00644EC3 /* Frameworks */,
				B7727C3C18E58C2D00644EC3 /* Products */,
				5CD5FFE14A584162AF745CD3 /* Pods.xcconfig */,
			);
			sourceTree = "<group>";
		};
		B7727C3C18E58C2D00644EC3 /* Products */ = {
			isa = PBXGroup;
			children = (
				B7727C3B18E58C2D00644EC3 /* Giantbomb.app */,
				B7727C6218E58C2D00644EC3 /* GiantbombTests.xctest */,
			);
			name = Products;
			sourceTree = "<group>";
		};
		B7727C3D18E58C2D00644EC3 /* Frameworks */ = {
			isa = PBXGroup;
			children = (
				B7727C3E18E58C2D00644EC3 /* Foundation.framework */,
				B7727C4018E58C2D00644EC3 /* CoreGraphics.framework */,
				B7727C4218E58C2D00644EC3 /* UIKit.framework */,
				B7727C6318E58C2D00644EC3 /* XCTest.framework */,
				0B29F471DE6642FE92A446B8 /* libPods.a */,
			);
			name = Frameworks;
			sourceTree = "<group>";
		};
		B7727C4418E58C2D00644EC3 /* Giantbomb */ = {
			isa = PBXGroup;
			children = (
				B7BE16A918E9BE7F00786233 /* Images */,
				B7727C4D18E58C2D00644EC3 /* AppDelegate.h */,
				B7727C4E18E58C2D00644EC3 /* AppDelegate.m */,
				B7727C5018E58C2D00644EC3 /* Main_iPhone.storyboard */,
				B7727C5318E58C2D00644EC3 /* Main_iPad.storyboard */,
				B73F6A4E18EAEC27001F16D1 /* VideosTableViewController.h */,
				B73F6A4F18EAEC27001F16D1 /* VideosTableViewController.m */,
				B7727C5618E58C2D00644EC3 /* MasterViewController.h */,
				B7727C5718E58C2D00644EC3 /* MasterViewController.m */,
				B7727C5918E58C2D00644EC3 /* DetailViewController.h */,
				B7727C5A18E58C2D00644EC3 /* DetailViewController.m */,
				B7727C5C18E58C2D00644EC3 /* Images.xcassets */,
				B7727C4518E58C2D00644EC3 /* Supporting Files */,
			);
			path = Giantbomb;
			sourceTree = "<group>";
		};
		B7727C4518E58C2D00644EC3 /* Supporting Files */ = {
			isa = PBXGroup;
			children = (
				B7727C4618E58C2D00644EC3 /* Giantbomb-Info.plist */,
				B7727C4718E58C2D00644EC3 /* InfoPlist.strings */,
				B7727C4A18E58C2D00644EC3 /* main.m */,
				B7727C4C18E58C2D00644EC3 /* Giantbomb-Prefix.pch */,
			);
			name = "Supporting Files";
			sourceTree = "<group>";
		};
		B7727C6918E58C2D00644EC3 /* GiantbombTests */ = {
			isa = PBXGroup;
			children = (
				B7727C6F18E58C2D00644EC3 /* GiantbombTests.m */,
				B7727C6A18E58C2D00644EC3 /* Supporting Files */,
			);
			path = GiantbombTests;
			sourceTree = "<group>";
		};
		B7727C6A18E58C2D00644EC3 /* Supporting Files */ = {
			isa = PBXGroup;
			children = (
				B7727C6B18E58C2D00644EC3 /* GiantbombTests-Info.plist */,
				B7727C6C18E58C2D00644EC3 /* InfoPlist.strings */,
			);
			name = "Supporting Files";
			sourceTree = "<group>";
		};
		B7BE16A918E9BE7F00786233 /* Images */ = {
			isa = PBXGroup;
			children = (
				B7BE16AC18E9C08E00786233 /* background.png */,
			);
			name = Images;
			sourceTree = "<group>";
		};
/* End PBXGroup section */

/* Begin PBXNativeTarget section */
		B7727C3A18E58C2D00644EC3 /* Giantbomb */ = {
			isa = PBXNativeTarget;
			buildConfigurationList = B7727C7318E58C2D00644EC3 /* Build configuration list for PBXNativeTarget "Giantbomb" */;
			buildPhases = (
				72981C65B82841C2B4333001 /* Check Pods Manifest.lock */,
				B7727C3718E58C2D00644EC3 /* Sources */,
				B7727C3818E58C2D00644EC3 /* Frameworks */,
				B7727C3918E58C2D00644EC3 /* Resources */,
				A011EF890B694485A3115947 /* Copy Pods Resources */,
			);
			buildRules = (
			);
			dependencies = (
			);
			name = Giantbomb;
			productName = Giantbomb;
			productReference = B7727C3B18E58C2D00644EC3 /* Giantbomb.app */;
			productType = "com.apple.product-type.application";
		};
		B7727C6118E58C2D00644EC3 /* GiantbombTests */ = {
			isa = PBXNativeTarget;
			buildConfigurationList = B7727C7618E58C2D00644EC3 /* Build configuration list for PBXNativeTarget "GiantbombTests" */;
			buildPhases = (
				B7727C5E18E58C2D00644EC3 /* Sources */,
				B7727C5F18E58C2D00644EC3 /* Frameworks */,
				B7727C6018E58C2D00644EC3 /* Resources */,
			);
			buildRules = (
			);
			dependencies = (
				B7727C6818E58C2D00644EC3 /* PBXTargetDependency */,
			);
			name = GiantbombTests;
			productName = GiantbombTests;
			productReference = B7727C6218E58C2D00644EC3 /* GiantbombTests.xctest */;
			productType = "com.apple.product-type.bundle.unit-test";
		};
/* End PBXNativeTarget section */

/* Begin PBXProject section */
		B7727C3318E58C2D00644EC3 /* Project object */ = {
			isa = PBXProject;
			attributes = {
				LastUpgradeCheck = 0510;
				ORGANIZATIONNAME = "Cionnat Breathnach";
				TargetAttributes = {
					B7727C6118E58C2D00644EC3 = {
						TestTargetID = B7727C3A18E58C2D00644EC3;
					};
				};
			};
			buildConfigurationList = B7727C3618E58C2D00644EC3 /* Build configuration list for PBXProject "Giantbomb" */;
			compatibilityVersion = "Xcode 3.2";
			developmentRegion = English;
			hasScannedForEncodings = 0;
			knownRegions = (
				en,
				Base,
			);
			mainGroup = B7727C3218E58C2D00644EC3;
			productRefGroup = B7727C3C18E58C2D00644EC3 /* Products */;
			projectDirPath = "";
			projectRoot = "";
			targets = (
				B7727C3A18E58C2D00644EC3 /* Giantbomb */,
				B7727C6118E58C2D00644EC3 /* GiantbombTests */,
			);
		};
/* End PBXProject section */

/* Begin PBXResourcesBuildPhase section */
		B7727C3918E58C2D00644EC3 /* Resources */ = {
			isa = PBXResourcesBuildPhase;
			buildActionMask = 2147483647;
			files = (
				B7727C5518E58C2D00644EC3 /* Main_iPad.storyboard in Resources */,
				B7BE16AD18E9C08E00786233 /* background.png in Resources */,
				B7727C5D18E58C2D00644EC3 /* Images.xcassets in Resources */,
				B7727C5218E58C2D00644EC3 /* Main_iPhone.storyboard in Resources */,
				B7727C4918E58C2D00644EC3 /* InfoPlist.strings in Resources */,
			);
			runOnlyForDeploymentPostprocessing = 0;
		};
		B7727C6018E58C2D00644EC3 /* Resources */ = {
			isa = PBXResourcesBuildPhase;
			buildActionMask = 2147483647;
			files = (
				B7727C6E18E58C2D00644EC3 /* InfoPlist.strings in Resources */,
			);
			runOnlyForDeploymentPostprocessing = 0;
		};
/* End PBXResourcesBuildPhase section */

/* Begin PBXShellScriptBuildPhase section */
		72981C65B82841C2B4333001 /* Check Pods Manifest.lock */ = {
			isa = PBXShellScriptBuildPhase;
			buildActionMask = 2147483647;
			files = (
			);
			inputPaths = (
			);
			name = "Check Pods Manifest.lock";
			outputPaths = (
			);
			runOnlyForDeploymentPostprocessing = 0;
			shellPath = /bin/sh;
			shellScript = "diff \"${PODS_ROOT}/../Podfile.lock\" \"${PODS_ROOT}/Manifest.lock\" > /dev/null\nif [[ $? != 0 ]] ; then\n    cat << EOM\nerror: The sandbox is not in sync with the Podfile.lock. Run 'pod install' or update your CocoaPods installation.\nEOM\n    exit 1\nfi\n";
			showEnvVarsInLog = 0;
		};
		A011EF890B694485A3115947 /* Copy Pods Resources */ = {
			isa = PBXShellScriptBuildPhase;
			buildActionMask = 2147483647;
			files = (
			);
			inputPaths = (
			);
			name = "Copy Pods Resources";
			outputPaths = (
			);
			runOnlyForDeploymentPostprocessing = 0;
			shellPath = /bin/sh;
			shellScript = "\"${SRCROOT}/Pods/Pods-resources.sh\"\n";
			showEnvVarsInLog = 0;
		};
/* End PBXShellScriptBuildPhase section */

/* Begin PBXSourcesBuildPhase section */
		B7727C3718E58C2D00644EC3 /* Sources */ = {
			isa = PBXSourcesBuildPhase;
			buildActionMask = 2147483647;
			files = (
				B7727C4F18E58C2D00644EC3 /* AppDelegate.m in Sources */,
				B73F6A5018EAEC27001F16D1 /* VideosTableViewController.m in Sources */,
				B7727C5818E58C2D00644EC3 /* MasterViewController.m in Sources */,
				B7727C4B18E58C2D00644EC3 /* main.m in Sources */,
				B7727C5B18E58C2D00644EC3 /* DetailViewController.m in Sources */,
			);
			runOnlyForDeploymentPostprocessing = 0;
		};
		B7727C5E18E58C2D00644EC3 /* Sources */ = {
			isa = PBXSourcesBuildPhase;
			buildActionMask = 2147483647;
			files = (
				B7727C7018E58C2D00644EC3 /* GiantbombTests.m in Sources */,
			);
			runOnlyForDeploymentPostprocessing = 0;
		};
/* End PBXSourcesBuildPhase section */

/* Begin PBXTargetDependency section */
		B7727C6818E58C2D00644EC3 /* PBXTargetDependency */ = {
			isa = PBXTargetDependency;
			target = B7727C3A18E58C2D00644EC3 /* Giantbomb */;
			targetProxy = B7727C6718E58C2D00644EC3 /* PBXContainerItemProxy */;
		};
/* End PBXTargetDependency section */

/* Begin PBXVariantGroup section */
		B7727C4718E58C2D00644EC3 /* InfoPlist.strings */ = {
			isa = PBXVariantGroup;
			children = (
				B7727C4818E58C2D00644EC3 /* en */,
			);
			name = InfoPlist.strings;
			sourceTree = "<group>";
		};
		B7727C5018E58C2D00644EC3 /* Main_iPhone.storyboard */ = {
			isa = PBXVariantGroup;
			children = (
				B7727C5118E58C2D00644EC3 /* Base */,
			);
			name = Main_iPhone.storyboard;
			sourceTree = "<group>";
		};
		B7727C5318E58C2D00644EC3 /* Main_iPad.storyboard */ = {
			isa = PBXVariantGroup;
			children = (
				B7727C5418E58C2D00644EC3 /* Base */,
			);
			name = Main_iPad.storyboard;
			sourceTree = "<group>";
		};
		B7727C6C18E58C2D00644EC3 /* InfoPlist.strings */ = {
			isa = PBXVariantGroup;
			children = (
				B7727C6D18E58C2D00644EC3 /* en */,
			);
			name = InfoPlist.strings;
			sourceTree = "<group>";
		};
/* End PBXVariantGroup section */

/* Begin XCBuildConfiguration section */
		B7727C7118E58C2D00644EC3 /* Debug */ = {
			isa = XCBuildConfiguration;
			buildSettings = {
				ALWAYS_SEARCH_USER_PATHS = NO;
				CLANG_CXX_LANGUAGE_STANDARD = "gnu++0x";
				CLANG_CXX_LIBRARY = "libc++";
				CLANG_ENABLE_MODULES = YES;
				CLANG_ENABLE_OBJC_ARC = YES;
				CLANG_WARN_BOOL_CONVERSION = YES;
				CLANG_WARN_CONSTANT_CONVERSION = YES;
				CLANG_WARN_DIRECT_OBJC_ISA_USAGE = YES_ERROR;
				CLANG_WARN_EMPTY_BODY = YES;
				CLANG_WARN_ENUM_CONVERSION = YES;
				CLANG_WARN_INT_CONVERSION = YES;
				CLANG_WARN_OBJC_ROOT_CLASS = YES_ERROR;
				CLANG_WARN__DUPLICATE_METHOD_MATCH = YES;
				"CODE_SIGN_IDENTITY[sdk=iphoneos*]" = "iPhone Developer";
				COPY_PHASE_STRIP = NO;
				GCC_C_LANGUAGE_STANDARD = gnu99;
				GCC_DYNAMIC_NO_PIC = NO;
				GCC_OPTIMIZATION_LEVEL = 0;
				GCC_PREPROCESSOR_DEFINITIONS = (
					"DEBUG=1",
					"$(inherited)",
				);
				GCC_SYMBOLS_PRIVATE_EXTERN = NO;
				GCC_WARN_64_TO_32_BIT_CONVERSION = YES;
				GCC_WARN_ABOUT_RETURN_TYPE = YES_ERROR;
				GCC_WARN_UNDECLARED_SELECTOR = YES;
				GCC_WARN_UNINITIALIZED_AUTOS = YES_AGGRESSIVE;
				GCC_WARN_UNUSED_FUNCTION = YES;
				GCC_WARN_UNUSED_VARIABLE = YES;
				IPHONEOS_DEPLOYMENT_TARGET = 7.1;
				ONLY_ACTIVE_ARCH = YES;
				SDKROOT = iphoneos;
				TARGETED_DEVICE_FAMILY = "1,2";
			};
			name = Debug;
		};
		B7727C7218E58C2D00644EC3 /* Release */ = {
			isa = XCBuildConfiguration;
			buildSettings = {
				ALWAYS_SEARCH_USER_PATHS = NO;
				CLANG_CXX_LANGUAGE_STANDARD = "gnu++0x";
				CLANG_CXX_LIBRARY = "libc++";
				CLANG_ENABLE_MODULES = YES;
				CLANG_ENABLE_OBJC_ARC = YES;
				CLANG_WARN_BOOL_CONVERSION = YES;
				CLANG_WARN_CONSTANT_CONVERSION = YES;
				CLANG_WARN_DIRECT_OBJC_ISA_USAGE = YES_ERROR;
				CLANG_WARN_EMPTY_BODY = YES;
				CLANG_WARN_ENUM_CONVERSION = YES;
				CLANG_WARN_INT_CONVERSION = YES;
				CLANG_WARN_OBJC_ROOT_CLASS = YES_ERROR;
				CLANG_WARN__DUPLICATE_METHOD_MATCH = YES;
				"CODE_SIGN_IDENTITY[sdk=iphoneos*]" = "iPhone Developer";
				COPY_PHASE_STRIP = YES;
				ENABLE_NS_ASSERTIONS = NO;
				GCC_C_LANGUAGE_STANDARD = gnu99;
				GCC_WARN_64_TO_32_BIT_CONVERSION = YES;
				GCC_WARN_ABOUT_RETURN_TYPE = YES_ERROR;
				GCC_WARN_UNDECLARED_SELECTOR = YES;
				GCC_WARN_UNINITIALIZED_AUTOS = YES_AGGRESSIVE;
				GCC_WARN_UNUSED_FUNCTION = YES;
				GCC_WARN_UNUSED_VARIABLE = YES;
				IPHONEOS_DEPLOYMENT_TARGET = 7.1;
				SDKROOT = iphoneos;
				TARGETED_DEVICE_FAMILY = "1,2";
				VALIDATE_PRODUCT = YES;
			};
			name = Release;
		};
		B7727C7418E58C2D00644EC3 /* Debug */ = {
			isa = XCBuildConfiguration;
			baseConfigurationReference = 5CD5FFE14A584162AF745CD3 /* Pods.xcconfig */;
			buildSettings = {
				ASSETCATALOG_COMPILER_APPICON_NAME = AppIcon;
				ASSETCATALOG_COMPILER_LAUNCHIMAGE_NAME = LaunchImage;
				GCC_PRECOMPILE_PREFIX_HEADER = YES;
				GCC_PREFIX_HEADER = "Giantbomb/Giantbomb-Prefix.pch";
				INFOPLIST_FILE = "Giantbomb/Giantbomb-Info.plist";
				PRODUCT_NAME = "$(TARGET_NAME)";
				WRAPPER_EXTENSION = app;
			};
			name = Debug;
		};
		B7727C7518E58C2D00644EC3 /* Release */ = {
			isa = XCBuildConfiguration;
			baseConfigurationReference = 5CD5FFE14A584162AF745CD3 /* Pods.xcconfig */;
			buildSettings = {
				ASSETCATALOG_COMPILER_APPICON_NAME = AppIcon;
				ASSETCATALOG_COMPILER_LAUNCHIMAGE_NAME = LaunchImage;
				GCC_PRECOMPILE_PREFIX_HEADER = YES;
				GCC_PREFIX_HEADER = "Giantbomb/Giantbomb-Prefix.pch";
				INFOPLIST_FILE = "Giantbomb/Giantbomb-Info.plist";
				PRODUCT_NAME = "$(TARGET_NAME)";
				WRAPPER_EXTENSION = app;
			};
			name = Release;
		};
		B7727C7718E58C2D00644EC3 /* Debug */ = {
			isa = XCBuildConfiguration;
			buildSettings = {
				BUNDLE_LOADER = "$(BUILT_PRODUCTS_DIR)/Giantbomb.app/Giantbomb";
				FRAMEWORK_SEARCH_PATHS = (
					"$(SDKROOT)/Developer/Library/Frameworks",
					"$(inherited)",
					"$(DEVELOPER_FRAMEWORKS_DIR)",
				);
				GCC_PRECOMPILE_PREFIX_HEADER = YES;
				GCC_PREFIX_HEADER = "Giantbomb/Giantbomb-Prefix.pch";
				GCC_PREPROCESSOR_DEFINITIONS = (
					"DEBUG=1",
					"$(inherited)",
				);
				INFOPLIST_FILE = "GiantbombTests/GiantbombTests-Info.plist";
				PRODUCT_NAME = "$(TARGET_NAME)";
				TEST_HOST = "$(BUNDLE_LOADER)";
				WRAPPER_EXTENSION = xctest;
			};
			name = Debug;
		};
		B7727C7818E58C2D00644EC3 /* Release */ = {
			isa = XCBuildConfiguration;
			buildSettings = {
				BUNDLE_LOADER = "$(BUILT_PRODUCTS_DIR)/Giantbomb.app/Giantbomb";
				FRAMEWORK_SEARCH_PATHS = (
					"$(SDKROOT)/Developer/Library/Frameworks",
					"$(inherited)",
					"$(DEVELOPER_FRAMEWORKS_DIR)",
				);
				GCC_PRECOMPILE_PREFIX_HEADER = YES;
				GCC_PREFIX_HEADER = "Giantbomb/Giantbomb-Prefix.pch";
				INFOPLIST_FILE = "GiantbombTests/GiantbombTests-Info.plist";
				PRODUCT_NAME = "$(TARGET_NAME)";
				TEST_HOST = "$(BUNDLE_LOADER)";
				WRAPPER_EXTENSION = xctest;
			};
			name = Release;
		};
/* End XCBuildConfiguration section */

/* Begin XCConfigurationList section */
		B7727C3618E58C2D00644EC3 /* Build configuration list for PBXProject "Giantbomb" */ = {
			isa = XCConfigurationList;
			buildConfigurations = (
				B7727C7118E58C2D00644EC3 /* Debug */,
				B7727C7218E58C2D00644EC3 /* Release */,
			);
			defaultConfigurationIsVisible = 0;
			defaultConfigurationName = Release;
		};
		B7727C7318E58C2D00644EC3 /* Build configuration list for PBXNativeTarget "Giantbomb" */ = {
			isa = XCConfigurationList;
			buildConfigurations = (
				B7727C7418E58C2D00644EC3 /* Debug */,
				B7727C7518E58C2D00644EC3 /* Release */,
			);
			defaultConfigurationIsVisible = 0;
			defaultConfigurationName = Release;
		};
		B7727C7618E58C2D00644EC3 /* Build configuration list for PBXNativeTarget "GiantbombTests" */ = {
			isa = XCConfigurationList;
			buildConfigurations = (
				B7727C7718E58C2D00644EC3 /* Debug */,
				B7727C7818E58C2D00644EC3 /* Release */,
			);
			defaultConfigurationIsVisible = 0;
			defaultConfigurationName = Release;
		};
/* End XCConfigurationList section */
	};
	rootObject = B7727C3318E58C2D00644EC3 /* Project object */;
}
